
Microsoft Visual Studio Solution File, Format Version 12.00
# Visual Studio 2012
Project("{FAE04EC0-301F-11D3-BF4B-00C04F79EFBC}") = "NewShop", "NewShop\NewShop.csproj", "{7F41E64F-98AE-4EF3-B31C-034B6CB15759}"
EndProject
Project("{2150E333-8FDC-42A3-9474-1A3956D46DE8}") = "Solution Items", "Solution Items", "{18DBB00D-78A9-4144-B9D9-6970F3E03C2E}"
	ProjectSection(SolutionItems) = preProject
		Local.testsettings = Local.testsettings
		NewShop.vsmdi = NewShop.vsmdi
		TraceAndTestImpact.testsettings = TraceAndTestImpact.testsettings
	EndProjectSection
EndProject
Project("{FAE04EC0-301F-11D3-BF4B-00C04F79EFBC}") = "TestProject", "TestProject\TestProject.csproj", "{2B4376AE-B79B-4CF1-B803-ABAA416CDFDD}"
EndProject
Global
	GlobalSection(TestCaseManagementSettings) = postSolution
		CategoryFile = NewShop.vsmdi
	EndGlobalSection
	GlobalSection(SolutionConfigurationPlatforms) = preSolution
		Debug|Any CPU = Debug|Any CPU
		Debug|Mixed Platforms = Debug|Mixed Platforms
		Debug|Win32 = Debug|Win32
		Debug|x86 = Debug|x86
		Release|Any CPU = Release|Any CPU
		Release|Mixed Platforms = Release|Mixed Platforms
		Release|Win32 = Release|Win32
		Release|x86 = Release|x86
	EndGlobalSection
	GlobalSection(ProjectConfigurationPlatforms) = postSolution
		{7F41E64F-98AE-4EF3-B31C-034B6CB15759}.Debug|Any CPU.ActiveCfg = Debug|Any CPU
		{7F41E64F-98AE-4EF3-B31C-034B6CB15759}.Debug|Any CPU.Build.0 = Debug|Any CPU
		{7F41E64F-98AE-4EF3-B31C-034B6CB15759}.Debug|Mixed Platforms.ActiveCfg = Debug|x86
		{7F41E64F-98AE-4EF3-B31C-034B6CB15759}.Debug|Mixed Platforms.Build.0 = Debug|x86
		{7F41E64F-98AE-4EF3-B31C-034B6CB15759}.Debug|Win32.ActiveCfg = Debug|x86
		{7F41E64F-98AE-4EF3-B31C-034B6CB15759}.Debug|x86.ActiveCfg = Debug|Any CPU
		{7F41E64F-98AE-4EF3-B31C-034B6CB15759}.Debug|x86.Build.0 = Debug|Any CPU
		{7F41E64F-98AE-4EF3-B31C-034B6CB15759}.Release|Any CPU.ActiveCfg = Release|x86
		{7F41E64F-98AE-4EF3-B31C-034B6CB15759}.Release|Mixed Platforms.ActiveCfg = Release|x86
		{7F41E64F-98AE-4EF3-B31C-034B6CB15759}.Release|Mixed Platforms.Build.0 = Release|x86
		{7F41E64F-98AE-4EF3-B31C-034B6CB15759}.Release|Win32.ActiveCfg = Release|x86
		{7F41E64F-98AE-4EF3-B31C-034B6CB15759}.Release|x86.ActiveCfg = Release|x86
		{7F41E64F-98AE-4EF3-B31C-034B6CB15759}.Release|x86.Build.0 = Release|x86
		{2B4376AE-B79B-4CF1-B803-ABAA416CDFDD}.Debug|Any CPU.ActiveCfg = Debug|Any CPU
		{2B4376AE-B79B-4CF1-B803-ABAA416CDFDD}.Debug|Any CPU.Build.0 = Debug|Any CPU
		{2B4376AE-B79B-4CF1-B803-ABAA416CDFDD}.Debug|Mixed Platforms.ActiveCfg = Debug|Any CPU
		{2B4376AE-B79B-4CF1-B803-ABAA416CDFDD}.Debug|Mixed Platforms.Build.0 = Debug|Any CPU
		{2B4376AE-B79B-4CF1-B803-ABAA416CDFDD}.Debug|Win32.ActiveCfg = Debug|Any CPU
		{2B4376AE-B79B-4CF1-B803-ABAA416CDFDD}.Debug|x86.ActiveCfg = Debug|Any CPU
		{2B4376AE-B79B-4CF1-B803-ABAA416CDFDD}.Release|Any CPU.ActiveCfg = Release|Any CPU
		{2B4376AE-B79B-4CF1-B803-ABAA416CDFDD}.Release|Any CPU.Build.0 = Release|Any CPU
		{2B4376AE-B79B-4CF1-B803-ABAA416CDFDD}.Release|Mixed Platforms.ActiveCfg = Release|Any CPU
		{2B4376AE-B79B-4CF1-B803-ABAA416CDFDD}.Release|Mixed Platforms.Build.0 = Release|Any CPU
		{2B4376AE-B79B-4CF1-B803-ABAA416CDFDD}.Release|Win32.ActiveCfg = Release|Any CPU
		{2B4376AE-B79B-4CF1-B803-ABAA416CDFDD}.Release|x86.ActiveCfg = Release|Any CPU
	EndGlobalSection
	GlobalSection(SolutionProperties) = preSolution
		HideSolutionNode = FALSE
	EndGlobalSection
EndGlobal
